
Microsoft Visual Studio Solution File, Format Version 12.00
# Visual Studio Version 17
VisualStudioVersion = 17.11.35222.181
MinimumVisualStudioVersion = 10.0.40219.1
Project("{9A19103F-16F7-4668-BE54-9A1E7A4F7556}") = "MyFirstBlazorApp", "MyFirstBlazorApp\MyFirstBlazorApp.csproj", "{F30FA90E-4DA0-47BE-B64A-AEB297FF7A1C}"
EndProject
Project("{9A19103F-16F7-4668-BE54-9A1E7A4F7556}") = "eShop.CoreBusiness", "eShop.CoreBusiness\eShop.CoreBusiness.csproj", "{FE9E82F5-86C2-4698-AA44-2BB022637E7D}"
EndProject
Project("{9A19103F-16F7-4668-BE54-9A1E7A4F7556}") = "eShop.UseCases", "eShop.UseCases\eShop.UseCases.csproj", "{B46EA957-95C1-4DB9-BDD6-F71C259C8E2C}"
EndProject
Project("{9A19103F-16F7-4668-BE54-9A1E7A4F7556}") = "eShop.DataStore.HardCoded", "eShop.DataStore.HardCoded\eShop.DataStore.HardCoded.csproj", "{082C91A7-1F32-4429-ADF3-2ABC6506AB02}"
EndProject
Global
	GlobalSection(SolutionConfigurationPlatforms) = preSolution
		Debug|Any CPU = Debug|Any CPU
		Release|Any CPU = Release|Any CPU
	EndGlobalSection
	GlobalSection(ProjectConfigurationPlatforms) = postSolution
		{F30FA90E-4DA0-47BE-B64A-AEB297FF7A1C}.Debug|Any CPU.ActiveCfg = Debug|Any CPU
		{F30FA90E-4DA0-47BE-B64A-AEB297FF7A1C}.Debug|Any CPU.Build.0 = Debug|Any CPU
		{F30FA90E-4DA0-47BE-B64A-AEB297FF7A1C}.Release|Any CPU.ActiveCfg = Release|Any CPU
		{F30FA90E-4DA0-47BE-B64A-AEB297FF7A1C}.Release|Any CPU.Build.0 = Release|Any CPU
		{FE9E82F5-86C2-4698-AA44-2BB022637E7D}.Debug|Any CPU.ActiveCfg = Debug|Any CPU
		{FE9E82F5-86C2-4698-AA44-2BB022637E7D}.Debug|Any CPU.Build.0 = Debug|Any CPU
		{FE9E82F5-86C2-4698-AA44-2BB022637E7D}.Release|Any CPU.ActiveCfg = Release|Any CPU
		{FE9E82F5-86C2-4698-AA44-2BB022637E7D}.Release|Any CPU.Build.0 = Release|Any CPU
		{B46EA957-95C1-4DB9-BDD6-F71C259C8E2C}.Debug|Any CPU.ActiveCfg = Debug|Any CPU
		{B46EA957-95C1-4DB9-BDD6-F71C259C8E2C}.Debug|Any CPU.Build.0 = Debug|Any CPU
		{B46EA957-95C1-4DB9-BDD6-F71C259C8E2C}.Release|Any CPU.ActiveCfg = Release|Any CPU
		{B46EA957-95C1-4DB9-BDD6-F71C259C8E2C}.Release|Any CPU.Build.0 = Release|Any CPU
		{082C91A7-1F32-4429-ADF3-2ABC6506AB02}.Debug|Any CPU.ActiveCfg = Debug|Any CPU
		{082C91A7-1F32-4429-ADF3-2ABC6506AB02}.Debug|Any CPU.Build.0 = Debug|Any CPU
		{082C91A7-1F32-4429-ADF3-2ABC6506AB02}.Release|Any CPU.ActiveCfg = Release|Any CPU
		{082C91A7-1F32-4429-ADF3-2ABC6506AB02}.Release|Any CPU.Build.0 = Release|Any CPU
	EndGlobalSection
	GlobalSection(SolutionProperties) = preSolution
		HideSolutionNode = FALSE
	EndGlobalSection
	GlobalSection(ExtensibilityGlobals) = postSolution
		SolutionGuid = {5F18418D-7200-462E-8CC3-D36144F9F5C7}
	EndGlobalSection
EndGlobal
